
Microsoft Visual Studio Solution File, Format Version 12.00
# Visual Studio Version 16
VisualStudioVersion = 16.0.30523.141
MinimumVisualStudioVersion = 10.0.40219.1
Project("{FAE04EC0-301F-11D3-BF4B-00C04F79EFBC}") = "DeThi02", "BaiTap1\DeThi02.csproj", "{DB1C2313-21DC-45F4-9682-8FE5DE1E1DE5}"
EndProject
Project("{FAE04EC0-301F-11D3-BF4B-00C04F79EFBC}") = "Mua-Sach", "..\Vũ Phan Quang Phú\Mua-Sach\Mua-Sach.csproj", "{F173DBE7-F84B-4F7C-85ED-A57C66AD1E26}"
EndProject
Global
	GlobalSection(SolutionConfigurationPlatforms) = preSolution
		Debug|Any CPU = Debug|Any CPU
		Release|Any CPU = Release|Any CPU
	EndGlobalSection
	GlobalSection(ProjectConfigurationPlatforms) = postSolution
		{DB1C2313-21DC-45F4-9682-8FE5DE1E1DE5}.Debug|Any CPU.ActiveCfg = Debug|Any CPU
		{DB1C2313-21DC-45F4-9682-8FE5DE1E1DE5}.Debug|Any CPU.Build.0 = Debug|Any CPU
		{DB1C2313-21DC-45F4-9682-8FE5DE1E1DE5}.Release|Any CPU.ActiveCfg = Release|Any CPU
		{DB1C2313-21DC-45F4-9682-8FE5DE1E1DE5}.Release|Any CPU.Build.0 = Release|Any CPU
		{F173DBE7-F84B-4F7C-85ED-A57C66AD1E26}.Debug|Any CPU.ActiveCfg = Debug|Any CPU
		{F173DBE7-F84B-4F7C-85ED-A57C66AD1E26}.Debug|Any CPU.Build.0 = Debug|Any CPU
		{F173DBE7-F84B-4F7C-85ED-A57C66AD1E26}.Release|Any CPU.ActiveCfg = Release|Any CPU
		{F173DBE7-F84B-4F7C-85ED-A57C66AD1E26}.Release|Any CPU.Build.0 = Release|Any CPU
	EndGlobalSection
	GlobalSection(SolutionProperties) = preSolution
		HideSolutionNode = FALSE
	EndGlobalSection
	GlobalSection(ExtensibilityGlobals) = postSolution
		SolutionGuid = {E84CEB0C-C936-4CC1-ADA3-AA03091B3C26}
	EndGlobalSection
EndGlobal
